
Microsoft Visual Studio Solution File, Format Version 12.00
# Visual Studio Version 16
VisualStudioVersion = 16.0.30225.117
MinimumVisualStudioVersion = 10.0.40219.1
Project("{8BC9CEB8-8B4A-11D0-8D11-00A0C91BC942}") = "20.4", "20.4.vcxproj", "{96C3F82A-51F9-497B-8814-AF62D67CFAC0}"
EndProject
Global
	GlobalSection(SolutionConfigurationPlatforms) = preSolution
		Debug|x64 = Debug|x64
		Debug|x86 = Debug|x86
		Release|x64 = Release|x64
		Release|x86 = Release|x86
	EndGlobalSection
	GlobalSection(ProjectConfigurationPlatforms) = postSolution
		{96C3F82A-51F9-497B-8814-AF62D67CFAC0}.Debug|x64.ActiveCfg = Debug|x64
		{96C3F82A-51F9-497B-8814-AF62D67CFAC0}.Debug|x64.Build.0 = Debug|x64
		{96C3F82A-51F9-497B-8814-AF62D67CFAC0}.Debug|x86.ActiveCfg = Debug|Win32
		{96C3F82A-51F9-497B-8814-AF62D67CFAC0}.Debug|x86.Build.0 = Debug|Win32
		{96C3F82A-51F9-497B-8814-AF62D67CFAC0}.Release|x64.ActiveCfg = Release|x64
		{96C3F82A-51F9-497B-8814-AF62D67CFAC0}.Release|x64.Build.0 = Release|x64
		{96C3F82A-51F9-497B-8814-AF62D67CFAC0}.Release|x86.ActiveCfg = Release|Win32
		{96C3F82A-51F9-497B-8814-AF62D67CFAC0}.Release|x86.Build.0 = Release|Win32
	EndGlobalSection
	GlobalSection(SolutionProperties) = preSolution
		HideSolutionNode = FALSE
	EndGlobalSection
	GlobalSection(ExtensibilityGlobals) = postSolution
		SolutionGuid = {8CF2CC8F-E7AF-44A8-97C9-5C1418760177}
	EndGlobalSection
EndGlobal
